{
  "requires": true,
  "lockfileVersion": 1,
  "dependencies": {
    "@terwanerik/scrolltrigger": {
      "version": "1.0.4",
      "resolved": "https://registry.npmjs.org/@terwanerik/scrolltrigger/-/scrolltrigger-1.0.4.tgz",
      "integrity": "sha512-rhxMTPFANoAGPJu/GzSJiXaUmekxAp/9vfqFMA9s0xSlDavCAUWagkn6vDP9wIrLCGY/0btU8MKLp4sqeSnytw==",
      "requires": {
        "object-extend": "^0.5.0"
      }
    },
    "object-extend": {
      "version": "0.5.0",
      "resolved": "https://registry.npmjs.org/object-extend/-/object-extend-0.5.0.tgz",
      "integrity": "sha1-9zxcrQXVINiCzLH/TN55/piA6Ls="
    }
  }
}
